hash: 19f00575c087797f43e6a630862d03eb3fb816333ea09e8c831a37871e979732
updated: 2018-05-16T18:52:52.785706058+03:00
imports:
- name: github.com/antonholmquist/jason
  version: c23cef7eaa75a6a5b8810120e167bd590d8fd2ab
- name: github.com/cockroachdb/cockroach-go
  version: 59c0560478b705bf9bd12f9252224a0fad7c87df
- name: github.com/garyburd/redigo
  version: 569eae59ada904ea8db7a225c2b47165af08735a
  subpackages:
  - internal
  - redis
- name: github.com/gocraft/work
  version: 67c8dc210ce647e8d8a4206c7f5856ea2390f290
- name: github.com/graphql-go/graphql
  version: 1e23489041ba90a66f317fe0deccb236a2fff3cb
  subpackages:
  - gqlerrors
  - language/ast
  - language/kinds
  - language/lexer
  - language/location
  - language/parser
  - language/printer
  - language/source
  - language/typeInfo
  - language/visitor
- name: github.com/graphql-go/handler
  version: f0393b2c10daeebea900292b8e092e73475399d9
- name: github.com/jinzhu/gorm
  version: 6ed508ec6a4ecb3531899a69cbc746ccf65a4166
  subpackages:
  - dialects/postgres
- name: github.com/jinzhu/inflection
  version: 1c35d901db3da928c72a72d8458480cc9ade058f
- name: github.com/lib/pq
  version: 88edab0803230a3898347e77b474f8c1820a1f20
  subpackages:
  - hstore
  - oid
- name: github.com/robfig/cron
  version: b41be1df696709bb6395fe435af20370037c0b4c
- name: github.com/Sirupsen/logrus
  version: c155da19408a8799da419ed3eeb0cb5db0ad5dbc
- name: github.com/timpalpant/go-iex
  version: f7ef89fb5009c5f4b7b3b24f90404d1cda3b3f14
  subpackages:
  - pcap2json
- name: golang.org/x/crypto
  version: 81e90905daefcd6fd217b62423c0908922eadb30
  subpackages:
  - ssh/terminal
- name: golang.org/x/sys
  version: 7ddbeae9ae08c6a06a59597f0c9edbc5ff2444ce
  subpackages:
  - unix
  - windows
- name: google.golang.org/api
  version: d7238a695cdc29affa1e76d5485eb2f72d30f8f8
testImports: []
